<Solution>
  <Folder Name="/src/">
    <Project Path="src/RegMailNet.Ui/RegMailNet.Ui.csproj">
      <Build Solution="Debug|*" Project="false" />
      <Deploy Solution="Debug|*" />
    </Project>
    <Project Path="src/RegMailNet/RegMailNet.csproj" />
    <Project Path="src/RegMailNet.Api/RegMailNet.Api.csproj" />
  </Folder>
  <Folder Name="/tests/">
    <Project Path="tests/RegMailNet.Tests/RegMailNet.Tests.csproj" />
  </Folder>
</Solution>
